
Microsoft Visual Studio Solution File, Format Version 12.00
# Visual Studio Version 16
VisualStudioVersion = 16.0.33328.57
MinimumVisualStudioVersion = 10.0.40219.1
Project("{FAE04EC0-301F-11D3-BF4B-00C04F79EFBC}") = "xdg-open", "xdg-open.csproj", "{27238272-A288-448D-ACC4-DAD73EB500E9}"
EndProject
Global
	GlobalSection(SolutionConfigurationPlatforms) = preSolution
		Debug|Any CPU = Debug|Any CPU
		Release|Any CPU = Release|Any CPU
	EndGlobalSection
	GlobalSection(ProjectConfigurationPlatforms) = postSolution
		{27238272-A288-448D-ACC4-DAD73EB500E9}.Debug|Any CPU.ActiveCfg = Debug|Any CPU
		{27238272-A288-448D-ACC4-DAD73EB500E9}.Debug|Any CPU.Build.0 = Debug|Any CPU
		{27238272-A288-448D-ACC4-DAD73EB500E9}.Release|Any CPU.ActiveCfg = Release|Any CPU
		{27238272-A288-448D-ACC4-DAD73EB500E9}.Release|Any CPU.Build.0 = Release|Any CPU
	EndGlobalSection
	GlobalSection(SolutionProperties) = preSolution
		HideSolutionNode = FALSE
	EndGlobalSection
	GlobalSection(ExtensibilityGlobals) = postSolution
		SolutionGuid = {14385D60-A366-4D54-B983-145C7DE5A2C1}
	EndGlobalSection
EndGlobal
